
Microsoft Visual Studio Solution File, Format Version 12.00
# Visual Studio Version 16
VisualStudioVersion = 16.0.29102.190
MinimumVisualStudioVersion = 10.0.40219.1
Project("{FAE04EC0-301F-11D3-BF4B-00C04F79EFBC}") = "Prueba_1", "Prueba 1\Prueba_1.csproj", "{17EA5B98-E090-4FBB-8E14-9A5F99DD0FCE}"
EndProject
Global
	GlobalSection(SolutionConfigurationPlatforms) = preSolution
		Debug|Any CPU = Debug|Any CPU
		Release|Any CPU = Release|Any CPU
	EndGlobalSection
	GlobalSection(ProjectConfigurationPlatforms) = postSolution
		{17EA5B98-E090-4FBB-8E14-9A5F99DD0FCE}.Debug|Any CPU.ActiveCfg = Debug|Any CPU
		{17EA5B98-E090-4FBB-8E14-9A5F99DD0FCE}.Debug|Any CPU.Build.0 = Debug|Any CPU
		{17EA5B98-E090-4FBB-8E14-9A5F99DD0FCE}.Release|Any CPU.ActiveCfg = Release|Any CPU
		{17EA5B98-E090-4FBB-8E14-9A5F99DD0FCE}.Release|Any CPU.Build.0 = Release|Any CPU
	EndGlobalSection
	GlobalSection(SolutionProperties) = preSolution
		HideSolutionNode = FALSE
	EndGlobalSection
	GlobalSection(ExtensibilityGlobals) = postSolution
		SolutionGuid = {F3CFA905-C3DB-418E-9811-93E562349655}
	EndGlobalSection
EndGlobal
